
Microsoft Visual Studio Solution File, Format Version 12.00
# Visual Studio Version 17
VisualStudioVersion = 17.10.35027.167
MinimumVisualStudioVersion = 10.0.40219.1
Project("{FAE04EC0-301F-11D3-BF4B-00C04F79EFBC}") = "Week2 - Practices", "Week2 - Practices\Week2 - Practices.csproj", "{BE21C231-8540-4573-87B0-24467C3A37F3}"
EndProject
Global
	GlobalSection(SolutionConfigurationPlatforms) = preSolution
		Debug|Any CPU = Debug|Any CPU
		Release|Any CPU = Release|Any CPU
	EndGlobalSection
	GlobalSection(ProjectConfigurationPlatforms) = postSolution
		{BE21C231-8540-4573-87B0-24467C3A37F3}.Debug|Any CPU.ActiveCfg = Debug|Any CPU
		{BE21C231-8540-4573-87B0-24467C3A37F3}.Debug|Any CPU.Build.0 = Debug|Any CPU
		{BE21C231-8540-4573-87B0-24467C3A37F3}.Release|Any CPU.ActiveCfg = Release|Any CPU
		{BE21C231-8540-4573-87B0-24467C3A37F3}.Release|Any CPU.Build.0 = Release|Any CPU
	EndGlobalSection
	GlobalSection(SolutionProperties) = preSolution
		HideSolutionNode = FALSE
	EndGlobalSection
	GlobalSection(ExtensibilityGlobals) = postSolution
		SolutionGuid = {B89BBDF2-AF7A-46A0-8DAC-C08BAC34DD49}
	EndGlobalSection
EndGlobal
